// !$*UTF8*$!
{
	archiveVersion = 1;
	classes = {
	};
	objectVersion = 52;
	objects = {

/* Begin PBXBuildFile section */
		433CFC2B2296F1A700E8BEBA /* VectorShape.swift in Sources */ = {isa = PBXBuildFile; fileRef = 43AEA64822957C3C002E1960 /* VectorShape.swift */; };
		433CFC2C2296F1A900E8BEBA /* DemoLayers.swift in Sources */ = {isa = PBXBuildFile; fileRef = 43F340D92296B72D00BCA886 /* DemoLayers.swift */; };
		4354830F22A6843B00AE25BC /* LayersRenderer in Frameworks */ = {isa = PBXBuildFile; productRef = 4354830E22A6843B00AE25BC /* LayersRenderer */; };
		43B50D222293E57F0086F458 /* AppDelegate.swift in Sources */ = {isa = PBXBuildFile; fileRef = 43B50D212293E57F0086F458 /* AppDelegate.swift */; };
		43B50D272293E57F0086F458 /* Main.storyboard in Resources */ = {isa = PBXBuildFile; fileRef = 43B50D252293E57F0086F458 /* Main.storyboard */; };
		43B50D292293E5810086F458 /* Assets.xcassets in Resources */ = {isa = PBXBuildFile; fileRef = 43B50D282293E5810086F458 /* Assets.xcassets */; };
		43B50D2C2293E5810086F458 /* LaunchScreen.storyboard in Resources */ = {isa = PBXBuildFile; fileRef = 43B50D2A2293E5810086F458 /* LaunchScreen.storyboard */; };
		43BA539A22A52BE200B087CA /* bezier_paths_努.bin in Resources */ = {isa = PBXBuildFile; fileRef = 43BA539922A52BE200B087CA /* bezier_paths_努.bin */; };
		43F340D82296B5F100BCA886 /* TestViewController.swift in Sources */ = {isa = PBXBuildFile; fileRef = 43F340D72296B5F100BCA886 /* TestViewController.swift */; };
/* End PBXBuildFile section */

/* Begin PBXCopyFilesBuildPhase section */
		43F340EC2296BAF100BCA886 /* Embed Frameworks */ = {
			isa = PBXCopyFilesBuildPhase;
			buildActionMask = 2147483647;
			dstPath = "";
			dstSubfolderSpec = 10;
			files = (
			);
			name = "Embed Frameworks";
			runOnlyForDeploymentPostprocessing = 0;
		};
/* End PBXCopyFilesBuildPhase section */

/* Begin PBXFileReference section */
		43AEA64822957C3C002E1960 /* VectorShape.swift */ = {isa = PBXFileReference; lastKnownFileType = sourcecode.swift; path = VectorShape.swift; sourceTree = "<group>"; };
		43B50D1E2293E57F0086F458 /* LineDrawing.app */ = {isa = PBXFileReference; explicitFileType = wrapper.application; includeInIndex = 0; path = LineDrawing.app; sourceTree = BUILT_PRODUCTS_DIR; };
		43B50D212293E57F0086F458 /* AppDelegate.swift */ = {isa = PBXFileReference; lastKnownFileType = sourcecode.swift; path = AppDelegate.swift; sourceTree = "<group>"; };
		43B50D262293E57F0086F458 /* Base */ = {isa = PBXFileReference; lastKnownFileType = file.storyboard; name = Base; path = Base.lproj/Main.storyboard; sourceTree = "<group>"; };
		43B50D282293E5810086F458 /* Assets.xcassets */ = {isa = PBXFileReference; lastKnownFileType = folder.assetcatalog; path = Assets.xcassets; sourceTree = "<group>"; };
		43B50D2B2293E5810086F458 /* Base */ = {isa = PBXFileReference; lastKnownFileType = file.storyboard; name = Base; path = Base.lproj/LaunchScreen.storyboard; sourceTree = "<group>"; };
		43B50D2D2293E5810086F458 /* Info.plist */ = {isa = PBXFileReference; lastKnownFileType = text.plist.xml; path = Info.plist; sourceTree = "<group>"; };
		43BA539922A52BE200B087CA /* bezier_paths_努.bin */ = {isa = PBXFileReference; lastKnownFileType = archive.macbinary; path = "bezier_paths_努.bin"; sourceTree = "<group>"; };
		43F340D72296B5F100BCA886 /* TestViewController.swift */ = {isa = PBXFileReference; lastKnownFileType = sourcecode.swift; path = TestViewController.swift; sourceTree = "<group>"; };
		43F340D92296B72D00BCA886 /* DemoLayers.swift */ = {isa = PBXFileReference; lastKnownFileType = sourcecode.swift; path = DemoLayers.swift; sourceTree = "<group>"; };
/* End PBXFileReference section */

/* Begin PBXFrameworksBuildPhase section */
		43B50D1B2293E57F0086F458 /* Frameworks */ = {
			isa = PBXFrameworksBuildPhase;
			buildActionMask = 2147483647;
			files = (
				4354830F22A6843B00AE25BC /* LayersRenderer in Frameworks */,
			);
			runOnlyForDeploymentPostprocessing = 0;
		};
/* End PBXFrameworksBuildPhase section */

/* Begin PBXGroup section */
		431C502522957924009179B7 /* Frameworks */ = {
			isa = PBXGroup;
			children = (
			);
			name = Frameworks;
			sourceTree = "<group>";
		};
		43B50D152293E57F0086F458 = {
			isa = PBXGroup;
			children = (
				43B50D202293E57F0086F458 /* LineDrawing */,
				43B50D1F2293E57F0086F458 /* Products */,
				431C502522957924009179B7 /* Frameworks */,
			);
			sourceTree = "<group>";
		};
		43B50D1F2293E57F0086F458 /* Products */ = {
			isa = PBXGroup;
			children = (
				43B50D1E2293E57F0086F458 /* LineDrawing.app */,
			);
			name = Products;
			sourceTree = "<group>";
		};
		43B50D202293E57F0086F458 /* LineDrawing */ = {
			isa = PBXGroup;
			children = (
				43B50D4C2294164F0086F458 /* Model */,
				43B50D212293E57F0086F458 /* AppDelegate.swift */,
				43F340D72296B5F100BCA886 /* TestViewController.swift */,
				43F340D92296B72D00BCA886 /* DemoLayers.swift */,
				43B50D252293E57F0086F458 /* Main.storyboard */,
				43B50D282293E5810086F458 /* Assets.xcassets */,
				43B50D2A2293E5810086F458 /* LaunchScreen.storyboard */,
				43B50D2D2293E5810086F458 /* Info.plist */,
			);
			path = LineDrawing;
			sourceTree = "<group>";
		};
		43B50D4C2294164F0086F458 /* Model */ = {
			isa = PBXGroup;
			children = (
				43BA539922A52BE200B087CA /* bezier_paths_努.bin */,
				43AEA64822957C3C002E1960 /* VectorShape.swift */,
			);
			path = Model;
			sourceTree = "<group>";
		};
/* End PBXGroup section */

/* Begin PBXNativeTarget section */
		43B50D1D2293E57F0086F458 /* LineDrawing */ = {
			isa = PBXNativeTarget;
			buildConfigurationList = 43B50D302293E5810086F458 /* Build configuration list for PBXNativeTarget "LineDrawing" */;
			buildPhases = (
				43B50D1A2293E57F0086F458 /* Sources */,
				43B50D1B2293E57F0086F458 /* Frameworks */,
				43B50D1C2293E57F0086F458 /* Resources */,
				43F340EC2296BAF100BCA886 /* Embed Frameworks */,
			);
			buildRules = (
			);
			dependencies = (
			);
			name = LineDrawing;
			packageProductDependencies = (
				4354830E22A6843B00AE25BC /* LayersRenderer */,
			);
			productName = LineDrawing;
			productReference = 43B50D1E2293E57F0086F458 /* LineDrawing.app */;
			productType = "com.apple.product-type.application";
		};
/* End PBXNativeTarget section */

/* Begin PBXProject section */
		43B50D162293E57F0086F458 /* Project object */ = {
			isa = PBXProject;
			attributes = {
				LastSwiftUpdateCheck = 1020;
				LastUpgradeCheck = 1200;
				ORGANIZATIONNAME = haawa;
				TargetAttributes = {
					43B50D1D2293E57F0086F458 = {
						CreatedOnToolsVersion = 10.2.1;
					};
				};
			};
			buildConfigurationList = 43B50D192293E57F0086F458 /* Build configuration list for PBXProject "LineDrawing" */;
			compatibilityVersion = "Xcode 9.3";
			developmentRegion = en;
			hasScannedForEncodings = 0;
			knownRegions = (
				en,
				Base,
			);
			mainGroup = 43B50D152293E57F0086F458;
			productRefGroup = 43B50D1F2293E57F0086F458 /* Products */;
			projectDirPath = "";
			projectRoot = "";
			targets = (
				43B50D1D2293E57F0086F458 /* LineDrawing */,
			);
		};
/* End PBXProject section */

/* Begin PBXResourcesBuildPhase section */
		43B50D1C2293E57F0086F458 /* Resources */ = {
			isa = PBXResourcesBuildPhase;
			buildActionMask = 2147483647;
			files = (
				43B50D2C2293E5810086F458 /* LaunchScreen.storyboard in Resources */,
				43B50D292293E5810086F458 /* Assets.xcassets in Resources */,
				43BA539A22A52BE200B087CA /* bezier_paths_努.bin in Resources */,
				43B50D272293E57F0086F458 /* Main.storyboard in Resources */,
			);
			runOnlyForDeploymentPostprocessing = 0;
		};
/* End PBXResourcesBuildPhase section */

/* Begin PBXSourcesBuildPhase section */
		43B50D1A2293E57F0086F458 /* Sources */ = {
			isa = PBXSourcesBuildPhase;
			buildActionMask = 2147483647;
			files = (
				433CFC2B2296F1A700E8BEBA /* VectorShape.swift in Sources */,
				43F340D82296B5F100BCA886 /* TestViewController.swift in Sources */,
				43B50D222293E57F0086F458 /* AppDelegate.swift in Sources */,
				433CFC2C2296F1A900E8BEBA /* DemoLayers.swift in Sources */,
			);
			runOnlyForDeploymentPostprocessing = 0;
		};
/* End PBXSourcesBuildPhase section */

/* Begin PBXVariantGroup section */
		43B50D252293E57F0086F458 /* Main.storyboard */ = {
			isa = PBXVariantGroup;
			children = (
				43B50D262293E57F0086F458 /* Base */,
			);
			name = Main.storyboard;
			sourceTree = "<group>";
		};
		43B50D2A2293E5810086F458 /* LaunchScreen.storyboard */ = {
			isa = PBXVariantGroup;
			children = (
				43B50D2B2293E5810086F458 /* Base */,
			);
			name = LaunchScreen.storyboard;
			sourceTree = "<group>";
		};
/* End PBXVariantGroup section */

/* Begin XCBuildConfiguration section */
		43B50D2E2293E5810086F458 /* Debug */ = {
			isa = XCBuildConfiguration;
			buildSettings = {
				ALWAYS_SEARCH_USER_PATHS = NO;
				CLANG_ANALYZER_NONNULL = YES;
				CLANG_ANALYZER_NUMBER_OBJECT_CONVERSION = YES_AGGRESSIVE;
				CLANG_CXX_LANGUAGE_STANDARD = "gnu++14";
				CLANG_CXX_LIBRARY = "libc++";
				CLANG_ENABLE_MODULES = YES;
				CLANG_ENABLE_OBJC_ARC = YES;
				CLANG_ENABLE_OBJC_WEAK = YES;
				CLANG_WARN_BLOCK_CAPTURE_AUTORELEASING = YES;
				CLANG_WARN_BOOL_CONVERSION = YES;
				CLANG_WARN_COMMA = YES;
				CLANG_WARN_CONSTANT_CONVERSION = YES;
				CLANG_WARN_DEPRECATED_OBJC_IMPLEMENTATIONS = YES;
				CLANG_WARN_DIRECT_OBJC_ISA_USAGE = YES_ERROR;
				CLANG_WARN_DOCUMENTATION_COMMENTS = YES;
				CLANG_WARN_EMPTY_BODY = YES;
				CLANG_WARN_ENUM_CONVERSION = YES;
				CLANG_WARN_INFINITE_RECURSION = YES;
				CLANG_WARN_INT_CONVERSION = YES;
				CLANG_WARN_NON_LITERAL_NULL_CONVERSION = YES;
				CLANG_WARN_OBJC_IMPLICIT_RETAIN_SELF = YES;
				CLANG_WARN_OBJC_LITERAL_CONVERSION = YES;
				CLANG_WARN_OBJC_ROOT_CLASS = YES_ERROR;
				CLANG_WARN_QUOTED_INCLUDE_IN_FRAMEWORK_HEADER = YES;
				CLANG_WARN_RANGE_LOOP_ANALYSIS = YES;
				CLANG_WARN_STRICT_PROTOTYPES = YES;
				CLANG_WARN_SUSPICIOUS_MOVE = YES;
				CLANG_WARN_UNGUARDED_AVAILABILITY = YES_AGGRESSIVE;
				CLANG_WARN_UNREACHABLE_CODE = YES;
				CLANG_WARN__DUPLICATE_METHOD_MATCH = YES;
				CODE_SIGN_IDENTITY = "iPhone Developer";
				COPY_PHASE_STRIP = NO;
				DEBUG_INFORMATION_FORMAT = dwarf;
				ENABLE_STRICT_OBJC_MSGSEND = YES;
				ENABLE_TESTABILITY = YES;
				GCC_C_LANGUAGE_STANDARD = gnu11;
				GCC_DYNAMIC_NO_PIC = NO;
				GCC_NO_COMMON_BLOCKS = YES;
				GCC_OPTIMIZATION_LEVEL = 0;
				GCC_PREPROCESSOR_DEFINITIONS = (
					"DEBUG=1",
					"$(inherited)",
				);
				GCC_WARN_64_TO_32_BIT_CONVERSION = YES;
				GCC_WARN_ABOUT_RETURN_TYPE = YES_ERROR;
				GCC_WARN_UNDECLARED_SELECTOR = YES;
				GCC_WARN_UNINITIALIZED_AUTOS = YES_AGGRESSIVE;
				GCC_WARN_UNUSED_FUNCTION = YES;
				GCC_WARN_UNUSED_VARIABLE = YES;
				IPHONEOS_DEPLOYMENT_TARGET = 12.0;
				MTL_ENABLE_DEBUG_INFO = INCLUDE_SOURCE;
				MTL_FAST_MATH = YES;
				ONLY_ACTIVE_ARCH = YES;
				SDKROOT = iphoneos;
				SWIFT_ACTIVE_COMPILATION_CONDITIONS = DEBUG;
				SWIFT_OPTIMIZATION_LEVEL = "-Onone";
			};
			name = Debug;
		};
		43B50D2F2293E5810086F458 /* Release */ = {
			isa = XCBuildConfiguration;
			buildSettings = {
				ALWAYS_SEARCH_USER_PATHS = NO;
				CLANG_ANALYZER_NONNULL = YES;
				CLANG_ANALYZER_NUMBER_OBJECT_CONVERSION = YES_AGGRESSIVE;
				CLANG_CXX_LANGUAGE_STANDARD = "gnu++14";
				CLANG_CXX_LIBRARY = "libc++";
				CLANG_ENABLE_MODULES = YES;
				CLANG_ENABLE_OBJC_ARC = YES;
				CLANG_ENABLE_OBJC_WEAK = YES;
				CLANG_WARN_BLOCK_CAPTURE_AUTORELEASING = YES;
				CLANG_WARN_BOOL_CONVERSION = YES;
				CLANG_WARN_COMMA = YES;
				CLANG_WARN_CONSTANT_CONVERSION = YES;
				CLANG_WARN_DEPRECATED_OBJC_IMPLEMENTATIONS = YES;
				CLANG_WARN_DIRECT_OBJC_ISA_USAGE = YES_ERROR;
				CLANG_WARN_DOCUMENTATION_COMMENTS = YES;
				CLANG_WARN_EMPTY_BODY = YES;
				CLANG_WARN_ENUM_CONVERSION = YES;
				CLANG_WARN_INFINITE_RECURSION = YES;
				CLANG_WARN_INT_CONVERSION = YES;
				CLANG_WARN_NON_LITERAL_NULL_CONVERSION = YES;
				CLANG_WARN_OBJC_IMPLICIT_RETAIN_SELF = YES;
				CLANG_WARN_OBJC_LITERAL_CONVERSION = YES;
				CLANG_WARN_OBJC_ROOT_CLASS = YES_ERROR;
				CLANG_WARN_QUOTED_INCLUDE_IN_FRAMEWORK_HEADER = YES;
				CLANG_WARN_RANGE_LOOP_ANALYSIS = YES;
				CLANG_WARN_STRICT_PROTOTYPES = YES;
				CLANG_WARN_SUSPICIOUS_MOVE = YES;
				CLANG_WARN_UNGUARDED_AVAILABILITY = YES_AGGRESSIVE;
				CLANG_WARN_UNREACHABLE_CODE = YES;
				CLANG_WARN__DUPLICATE_METHOD_MATCH = YES;
				CODE_SIGN_IDENTITY = "iPhone Developer";
				COPY_PHASE_STRIP = NO;
				DEBUG_INFORMATION_FORMAT = "dwarf-with-dsym";
				ENABLE_NS_ASSERTIONS = NO;
				ENABLE_STRICT_OBJC_MSGSEND = YES;
				GCC_C_LANGUAGE_STANDARD = gnu11;
				GCC_NO_COMMON_BLOCKS = YES;
				GCC_WARN_64_TO_32_BIT_CONVERSION = YES;
				GCC_WARN_ABOUT_RETURN_TYPE = YES_ERROR;
				GCC_WARN_UNDECLARED_SELECTOR = YES;
				GCC_WARN_UNINITIALIZED_AUTOS = YES_AGGRESSIVE;
				GCC_WARN_UNUSED_FUNCTION = YES;
				GCC_WARN_UNUSED_VARIABLE = YES;
				IPHONEOS_DEPLOYMENT_TARGET = 12.0;
				MTL_ENABLE_DEBUG_INFO = NO;
				MTL_FAST_MATH = YES;
				SDKROOT = iphoneos;
				SWIFT_COMPILATION_MODE = wholemodule;
				SWIFT_OPTIMIZATION_LEVEL = "-O";
				VALIDATE_PRODUCT = YES;
			};
			name = Release;
		};
		43B50D312293E5810086F458 /* Debug */ = {
			isa = XCBuildConfiguration;
			buildSettings = {
				ALWAYS_EMBED_SWIFT_STANDARD_LIBRARIES = YES;
				ASSETCATALOG_COMPILER_APPICON_NAME = AppIcon;
				CODE_SIGN_STYLE = Automatic;
				DEVELOPMENT_TEAM = "";
				FRAMEWORK_SEARCH_PATHS = (
					"$(inherited)",
					"$(PROJECT_DIR)/Carthage/Build/iOS",
				);
				INFOPLIST_FILE = LineDrawing/Info.plist;
				IPHONEOS_DEPLOYMENT_TARGET = 12.0;
				LD_RUNPATH_SEARCH_PATHS = (
					"$(inherited)",
					"@executable_path/Frameworks",
				);
				PRODUCT_BUNDLE_IDENTIFIER = com.haawa.LineDrawing;
				PRODUCT_NAME = "$(TARGET_NAME)";
				SWIFT_VERSION = 5.0;
				TARGETED_DEVICE_FAMILY = "1,2";
			};
			name = Debug;
		};
		43B50D322293E5810086F458 /* Release */ = {
			isa = XCBuildConfiguration;
			buildSettings = {
				ALWAYS_EMBED_SWIFT_STANDARD_LIBRARIES = YES;
				ASSETCATALOG_COMPILER_APPICON_NAME = AppIcon;
				CODE_SIGN_STYLE = Automatic;
				DEVELOPMENT_TEAM = "";
				FRAMEWORK_SEARCH_PATHS = (
					"$(inherited)",
					"$(PROJECT_DIR)/Carthage/Build/iOS",
				);
				INFOPLIST_FILE = LineDrawing/Info.plist;
				IPHONEOS_DEPLOYMENT_TARGET = 12.0;
				LD_RUNPATH_SEARCH_PATHS = (
					"$(inherited)",
					"@executable_path/Frameworks",
				);
				PRODUCT_BUNDLE_IDENTIFIER = com.haawa.LineDrawing;
				PRODUCT_NAME = "$(TARGET_NAME)";
				SWIFT_VERSION = 5.0;
				TARGETED_DEVICE_FAMILY = "1,2";
			};
			name = Release;
		};
/* End XCBuildConfiguration section */

/* Begin XCConfigurationList section */
		43B50D192293E57F0086F458 /* Build configuration list for PBXProject "LineDrawing" */ = {
			isa = XCConfigurationList;
			buildConfigurations = (
				43B50D2E2293E5810086F458 /* Debug */,
				43B50D2F2293E5810086F458 /* Release */,
			);
			defaultConfigurationIsVisible = 0;
			defaultConfigurationName = Release;
		};
		43B50D302293E5810086F458 /* Build configuration list for PBXNativeTarget "LineDrawing" */ = {
			isa = XCConfigurationList;
			buildConfigurations = (
				43B50D312293E5810086F458 /* Debug */,
				43B50D322293E5810086F458 /* Release */,
			);
			defaultConfigurationIsVisible = 0;
			defaultConfigurationName = Release;
		};
/* End XCConfigurationList section */

/* Begin XCSwiftPackageProductDependency section */
		4354830E22A6843B00AE25BC /* LayersRenderer */ = {
			isa = XCSwiftPackageProductDependency;
			productName = LayersRenderer;
		};
/* End XCSwiftPackageProductDependency section */
	};
	rootObject = 43B50D162293E57F0086F458 /* Project object */;
}
